
Microsoft Visual Studio Solution File, Format Version 12.00
# Visual Studio Version 16
VisualStudioVersion = 16.0.30717.126
MinimumVisualStudioVersion = 10.0.40219.1
Project("{FAE04EC0-301F-11D3-BF4B-00C04F79EFBC}") = "WebApplication3", "WebApplication3\WebApplication3.csproj", "{F70EAF71-CC28-4CCF-A6D1-0FAB5A14405D}"
EndProject
Global
	GlobalSection(SolutionConfigurationPlatforms) = preSolution
		Debug|Any CPU = Debug|Any CPU
		Release|Any CPU = Release|Any CPU
	EndGlobalSection
	GlobalSection(ProjectConfigurationPlatforms) = postSolution
		{F70EAF71-CC28-4CCF-A6D1-0FAB5A14405D}.Debug|Any CPU.ActiveCfg = Debug|Any CPU
		{F70EAF71-CC28-4CCF-A6D1-0FAB5A14405D}.Debug|Any CPU.Build.0 = Debug|Any CPU
		{F70EAF71-CC28-4CCF-A6D1-0FAB5A14405D}.Release|Any CPU.ActiveCfg = Release|Any CPU
		{F70EAF71-CC28-4CCF-A6D1-0FAB5A14405D}.Release|Any CPU.Build.0 = Release|Any CPU
	EndGlobalSection
	GlobalSection(SolutionProperties) = preSolution
		HideSolutionNode = FALSE
	EndGlobalSection
	GlobalSection(ExtensibilityGlobals) = postSolution
		SolutionGuid = {7B93D0C5-C2F4-43EE-A2B6-9E34D0BD72CE}
	EndGlobalSection
EndGlobal
